
Microsoft Visual Studio Solution File, Format Version 12.00
# Visual Studio Version 17
VisualStudioVersion = 17.1.32421.90
MinimumVisualStudioVersion = 10.0.40219.1
Project("{9A19103F-16F7-4668-BE54-9A1E7A4F7556}") = "day01", "Day01\day01.csproj", "{57672538-61A2-4A72-9916-9ECC95CB8BE0}"
EndProject
Project("{9A19103F-16F7-4668-BE54-9A1E7A4F7556}") = "dayXX", "dayXX\dayXX.csproj", "{FFFB3372-80C8-4897-88CE-C167FF62073C}"
EndProject
Project("{9A19103F-16F7-4668-BE54-9A1E7A4F7556}") = "test", "test\test.csproj", "{33053A21-C40D-41C3-A4F3-8E1A7D5FC045}"
EndProject
Project("{9A19103F-16F7-4668-BE54-9A1E7A4F7556}") = "day02", "day02\day02.csproj", "{E134CB2F-5ACE-48DC-8D4B-EB6E0E5DA615}"
EndProject
Project("{9A19103F-16F7-4668-BE54-9A1E7A4F7556}") = "day03", "day03\day03.csproj", "{25BFBA88-0614-406B-BA80-7D9BC8D88638}"
EndProject
Project("{9A19103F-16F7-4668-BE54-9A1E7A4F7556}") = "day04", "day04\day04.csproj", "{0D4489D1-AA0F-42DD-87C0-B75F6190C11A}"
EndProject
Project("{9A19103F-16F7-4668-BE54-9A1E7A4F7556}") = "day05", "day05\day05.csproj", "{98BB7670-9AC5-499A-A1C2-A981E710474A}"
EndProject
Project("{9A19103F-16F7-4668-BE54-9A1E7A4F7556}") = "day06", "day06\day06.csproj", "{3F4AF5FF-7F01-4A63-979F-0F153B11C134}"
EndProject
Project("{9A19103F-16F7-4668-BE54-9A1E7A4F7556}") = "day07", "day07\day07.csproj", "{47A8F2C1-C957-44BF-9577-4486F3D01029}"
EndProject
Project("{9A19103F-16F7-4668-BE54-9A1E7A4F7556}") = "day08", "day08\day08.csproj", "{8D2383D7-3246-4685-A452-E0B41F6A03A0}"
EndProject
Project("{9A19103F-16F7-4668-BE54-9A1E7A4F7556}") = "day09", "day09\day09.csproj", "{F640BEBB-3747-474B-B98B-6820D044575C}"
EndProject
Project("{9A19103F-16F7-4668-BE54-9A1E7A4F7556}") = "day10", "day10\day10.csproj", "{8089C379-A9F7-419C-BABB-54AA92EA1909}"
EndProject
Project("{9A19103F-16F7-4668-BE54-9A1E7A4F7556}") = "day11", "day11\day11.csproj", "{77367D14-9D61-4D01-80BC-E1B75615162A}"
EndProject
Project("{9A19103F-16F7-4668-BE54-9A1E7A4F7556}") = "day12", "day12\day12.csproj", "{74BDB8F9-9440-4F8A-A3E3-95BE0DEAB4E4}"
EndProject
Project("{9A19103F-16F7-4668-BE54-9A1E7A4F7556}") = "day13", "day13\day13.csproj", "{DA29EE27-F0E3-4FDD-B630-949868E59069}"
EndProject
Project("{9A19103F-16F7-4668-BE54-9A1E7A4F7556}") = "day14", "day14\day14.csproj", "{2D7B77A7-F317-403F-8FE0-377E580BC5D4}"
EndProject
Project("{9A19103F-16F7-4668-BE54-9A1E7A4F7556}") = "day15", "day15\day15.csproj", "{B253FF2C-CB1A-4DD2-A3EA-1748066F1D14}"
EndProject
Project("{9A19103F-16F7-4668-BE54-9A1E7A4F7556}") = "day16", "day16\day16.csproj", "{CDC92FE9-5452-4EB5-8D8B-6AF69D12212D}"
EndProject
Project("{9A19103F-16F7-4668-BE54-9A1E7A4F7556}") = "day17", "day17\day17.csproj", "{E9997BE2-436B-41F8-93B5-49131256FE89}"
EndProject
Project("{9A19103F-16F7-4668-BE54-9A1E7A4F7556}") = "day18", "day18\day18.csproj", "{FF17B630-28B5-4192-B25F-ED6AEA90D718}"
EndProject
Project("{9A19103F-16F7-4668-BE54-9A1E7A4F7556}") = "day19", "day19\day19.csproj", "{1BDA9154-9B17-4F55-B0CA-B374D8975F00}"
EndProject
Global
	GlobalSection(SolutionConfigurationPlatforms) = preSolution
		Debug|Any CPU = Debug|Any CPU
		Release|Any CPU = Release|Any CPU
	EndGlobalSection
	GlobalSection(ProjectConfigurationPlatforms) = postSolution
		{57672538-61A2-4A72-9916-9ECC95CB8BE0}.Debug|Any CPU.ActiveCfg = Debug|Any CPU
		{57672538-61A2-4A72-9916-9ECC95CB8BE0}.Debug|Any CPU.Build.0 = Debug|Any CPU
		{57672538-61A2-4A72-9916-9ECC95CB8BE0}.Release|Any CPU.ActiveCfg = Release|Any CPU
		{57672538-61A2-4A72-9916-9ECC95CB8BE0}.Release|Any CPU.Build.0 = Release|Any CPU
		{FFFB3372-80C8-4897-88CE-C167FF62073C}.Debug|Any CPU.ActiveCfg = Debug|Any CPU
		{FFFB3372-80C8-4897-88CE-C167FF62073C}.Debug|Any CPU.Build.0 = Debug|Any CPU
		{FFFB3372-80C8-4897-88CE-C167FF62073C}.Release|Any CPU.ActiveCfg = Release|Any CPU
		{FFFB3372-80C8-4897-88CE-C167FF62073C}.Release|Any CPU.Build.0 = Release|Any CPU
		{33053A21-C40D-41C3-A4F3-8E1A7D5FC045}.Debug|Any CPU.ActiveCfg = Debug|Any CPU
		{33053A21-C40D-41C3-A4F3-8E1A7D5FC045}.Debug|Any CPU.Build.0 = Debug|Any CPU
		{33053A21-C40D-41C3-A4F3-8E1A7D5FC045}.Release|Any CPU.ActiveCfg = Release|Any CPU
		{33053A21-C40D-41C3-A4F3-8E1A7D5FC045}.Release|Any CPU.Build.0 = Release|Any CPU
		{E134CB2F-5ACE-48DC-8D4B-EB6E0E5DA615}.Debug|Any CPU.ActiveCfg = Debug|Any CPU
		{E134CB2F-5ACE-48DC-8D4B-EB6E0E5DA615}.Debug|Any CPU.Build.0 = Debug|Any CPU
		{E134CB2F-5ACE-48DC-8D4B-EB6E0E5DA615}.Release|Any CPU.ActiveCfg = Release|Any CPU
		{E134CB2F-5ACE-48DC-8D4B-EB6E0E5DA615}.Release|Any CPU.Build.0 = Release|Any CPU
		{25BFBA88-0614-406B-BA80-7D9BC8D88638}.Debug|Any CPU.ActiveCfg = Debug|Any CPU
		{25BFBA88-0614-406B-BA80-7D9BC8D88638}.Debug|Any CPU.Build.0 = Debug|Any CPU
		{25BFBA88-0614-406B-BA80-7D9BC8D88638}.Release|Any CPU.ActiveCfg = Release|Any CPU
		{25BFBA88-0614-406B-BA80-7D9BC8D88638}.Release|Any CPU.Build.0 = Release|Any CPU
		{0D4489D1-AA0F-42DD-87C0-B75F6190C11A}.Debug|Any CPU.ActiveCfg = Debug|Any CPU
		{0D4489D1-AA0F-42DD-87C0-B75F6190C11A}.Debug|Any CPU.Build.0 = Debug|Any CPU
		{0D4489D1-AA0F-42DD-87C0-B75F6190C11A}.Release|Any CPU.ActiveCfg = Release|Any CPU
		{0D4489D1-AA0F-42DD-87C0-B75F6190C11A}.Release|Any CPU.Build.0 = Release|Any CPU
		{98BB7670-9AC5-499A-A1C2-A981E710474A}.Debug|Any CPU.ActiveCfg = Debug|Any CPU
		{98BB7670-9AC5-499A-A1C2-A981E710474A}.Debug|Any CPU.Build.0 = Debug|Any CPU
		{98BB7670-9AC5-499A-A1C2-A981E710474A}.Release|Any CPU.ActiveCfg = Release|Any CPU
		{98BB7670-9AC5-499A-A1C2-A981E710474A}.Release|Any CPU.Build.0 = Release|Any CPU
		{3F4AF5FF-7F01-4A63-979F-0F153B11C134}.Debug|Any CPU.ActiveCfg = Debug|Any CPU
		{3F4AF5FF-7F01-4A63-979F-0F153B11C134}.Debug|Any CPU.Build.0 = Debug|Any CPU
		{3F4AF5FF-7F01-4A63-979F-0F153B11C134}.Release|Any CPU.ActiveCfg = Release|Any CPU
		{3F4AF5FF-7F01-4A63-979F-0F153B11C134}.Release|Any CPU.Build.0 = Release|Any CPU
		{47A8F2C1-C957-44BF-9577-4486F3D01029}.Debug|Any CPU.ActiveCfg = Debug|Any CPU
		{47A8F2C1-C957-44BF-9577-4486F3D01029}.Debug|Any CPU.Build.0 = Debug|Any CPU
		{47A8F2C1-C957-44BF-9577-4486F3D01029}.Release|Any CPU.ActiveCfg = Release|Any CPU
		{47A8F2C1-C957-44BF-9577-4486F3D01029}.Release|Any CPU.Build.0 = Release|Any CPU
		{8D2383D7-3246-4685-A452-E0B41F6A03A0}.Debug|Any CPU.ActiveCfg = Debug|Any CPU
		{8D2383D7-3246-4685-A452-E0B41F6A03A0}.Debug|Any CPU.Build.0 = Debug|Any CPU
		{8D2383D7-3246-4685-A452-E0B41F6A03A0}.Release|Any CPU.ActiveCfg = Release|Any CPU
		{8D2383D7-3246-4685-A452-E0B41F6A03A0}.Release|Any CPU.Build.0 = Release|Any CPU
		{F640BEBB-3747-474B-B98B-6820D044575C}.Debug|Any CPU.ActiveCfg = Debug|Any CPU
		{F640BEBB-3747-474B-B98B-6820D044575C}.Debug|Any CPU.Build.0 = Debug|Any CPU
		{F640BEBB-3747-474B-B98B-6820D044575C}.Release|Any CPU.ActiveCfg = Release|Any CPU
		{F640BEBB-3747-474B-B98B-6820D044575C}.Release|Any CPU.Build.0 = Release|Any CPU
		{8089C379-A9F7-419C-BABB-54AA92EA1909}.Debug|Any CPU.ActiveCfg = Debug|Any CPU
		{8089C379-A9F7-419C-BABB-54AA92EA1909}.Debug|Any CPU.Build.0 = Debug|Any CPU
		{8089C379-A9F7-419C-BABB-54AA92EA1909}.Release|Any CPU.ActiveCfg = Release|Any CPU
		{8089C379-A9F7-419C-BABB-54AA92EA1909}.Release|Any CPU.Build.0 = Release|Any CPU
		{77367D14-9D61-4D01-80BC-E1B75615162A}.Debug|Any CPU.ActiveCfg = Debug|Any CPU
		{77367D14-9D61-4D01-80BC-E1B75615162A}.Debug|Any CPU.Build.0 = Debug|Any CPU
		{77367D14-9D61-4D01-80BC-E1B75615162A}.Release|Any CPU.ActiveCfg = Release|Any CPU
		{77367D14-9D61-4D01-80BC-E1B75615162A}.Release|Any CPU.Build.0 = Release|Any CPU
		{74BDB8F9-9440-4F8A-A3E3-95BE0DEAB4E4}.Debug|Any CPU.ActiveCfg = Debug|Any CPU
		{74BDB8F9-9440-4F8A-A3E3-95BE0DEAB4E4}.Debug|Any CPU.Build.0 = Debug|Any CPU
		{74BDB8F9-9440-4F8A-A3E3-95BE0DEAB4E4}.Release|Any CPU.ActiveCfg = Release|Any CPU
		{74BDB8F9-9440-4F8A-A3E3-95BE0DEAB4E4}.Release|Any CPU.Build.0 = Release|Any CPU
		{DA29EE27-F0E3-4FDD-B630-949868E59069}.Debug|Any CPU.ActiveCfg = Debug|Any CPU
		{DA29EE27-F0E3-4FDD-B630-949868E59069}.Debug|Any CPU.Build.0 = Debug|Any CPU
		{DA29EE27-F0E3-4FDD-B630-949868E59069}.Release|Any CPU.ActiveCfg = Release|Any CPU
		{DA29EE27-F0E3-4FDD-B630-949868E59069}.Release|Any CPU.Build.0 = Release|Any CPU
		{2D7B77A7-F317-403F-8FE0-377E580BC5D4}.Debug|Any CPU.ActiveCfg = Debug|Any CPU
		{2D7B77A7-F317-403F-8FE0-377E580BC5D4}.Debug|Any CPU.Build.0 = Debug|Any CPU
		{2D7B77A7-F317-403F-8FE0-377E580BC5D4}.Release|Any CPU.ActiveCfg = Release|Any CPU
		{2D7B77A7-F317-403F-8FE0-377E580BC5D4}.Release|Any CPU.Build.0 = Release|Any CPU
		{B253FF2C-CB1A-4DD2-A3EA-1748066F1D14}.Debug|Any CPU.ActiveCfg = Debug|Any CPU
		{B253FF2C-CB1A-4DD2-A3EA-1748066F1D14}.Debug|Any CPU.Build.0 = Debug|Any CPU
		{B253FF2C-CB1A-4DD2-A3EA-1748066F1D14}.Release|Any CPU.ActiveCfg = Release|Any CPU
		{B253FF2C-CB1A-4DD2-A3EA-1748066F1D14}.Release|Any CPU.Build.0 = Release|Any CPU
		{CDC92FE9-5452-4EB5-8D8B-6AF69D12212D}.Debug|Any CPU.ActiveCfg = Debug|Any CPU
		{CDC92FE9-5452-4EB5-8D8B-6AF69D12212D}.Debug|Any CPU.Build.0 = Debug|Any CPU
		{CDC92FE9-5452-4EB5-8D8B-6AF69D12212D}.Release|Any CPU.ActiveCfg = Release|Any CPU
		{CDC92FE9-5452-4EB5-8D8B-6AF69D12212D}.Release|Any CPU.Build.0 = Release|Any CPU
		{E9997BE2-436B-41F8-93B5-49131256FE89}.Debug|Any CPU.ActiveCfg = Debug|Any CPU
		{E9997BE2-436B-41F8-93B5-49131256FE89}.Debug|Any CPU.Build.0 = Debug|Any CPU
		{E9997BE2-436B-41F8-93B5-49131256FE89}.Release|Any CPU.ActiveCfg = Release|Any CPU
		{E9997BE2-436B-41F8-93B5-49131256FE89}.Release|Any CPU.Build.0 = Release|Any CPU
		{FF17B630-28B5-4192-B25F-ED6AEA90D718}.Debug|Any CPU.ActiveCfg = Debug|Any CPU
		{FF17B630-28B5-4192-B25F-ED6AEA90D718}.Debug|Any CPU.Build.0 = Debug|Any CPU
		{FF17B630-28B5-4192-B25F-ED6AEA90D718}.Release|Any CPU.ActiveCfg = Release|Any CPU
		{FF17B630-28B5-4192-B25F-ED6AEA90D718}.Release|Any CPU.Build.0 = Release|Any CPU
		{1BDA9154-9B17-4F55-B0CA-B374D8975F00}.Debug|Any CPU.ActiveCfg = Debug|Any CPU
		{1BDA9154-9B17-4F55-B0CA-B374D8975F00}.Debug|Any CPU.Build.0 = Debug|Any CPU
		{1BDA9154-9B17-4F55-B0CA-B374D8975F00}.Release|Any CPU.ActiveCfg = Release|Any CPU
		{1BDA9154-9B17-4F55-B0CA-B374D8975F00}.Release|Any CPU.Build.0 = Release|Any CPU
	EndGlobalSection
	GlobalSection(SolutionProperties) = preSolution
		HideSolutionNode = FALSE
	EndGlobalSection
	GlobalSection(ExtensibilityGlobals) = postSolution
		SolutionGuid = {93C5513C-46AA-4656-8E92-37CCE7987E08}
	EndGlobalSection
EndGlobal
